PODS:
  - xDefine (1.0.6)
  - xExtension (1.1.7):
    - xDefine
  - xKit (1.2.7):
    - xDefine
    - xExtension

DEPENDENCIES:
  - xKit (from `../`)

SPEC REPOS:
  https://github.com/kaibuleite/xSpecs.git:
    - xDefine
    - xExtension

EXTERNAL SOURCES:
  xKit:
    :path: "../"

SPEC CHECKSUMS:
  xDefine: 74915e20fdc2bb56dc50e981684d532baa7200ab
  xExtension: 5ef28de4de112ec5a7ee1cce29480ea665f46b05
  xKit: 88d72919f92816ecf5ea5521c8666f6f961d6255

PODFILE CHECKSUM: afdbd845fbe445b4cff823676c4b6d83f448f439

COCOAPODS: 1.12.1
