PODS:
  - xAlert (1.0.4):
    - xDefine
    - xExtension
  - xDefine (1.0.2)
  - xExtension (1.0.6)
  - xKit (1.0.0):
    - xAlert
    - xDefine
    - xExtension

DEPENDENCIES:
  - xKit (from `../`)

SPEC REPOS:
  https://github.com/kaibuleite/xSpecs.git:
    - xAlert
    - xDefine
    - xExtension

EXTERNAL SOURCES:
  xKit:
    :path: "../"

SPEC CHECKSUMS:
  xAlert: 4ca680cb65998bc291e02c163121db8fd4bbcf53
  xDefine: 0df7b51c0e6edb71ca9fd667f728699d0a7a1b12
  xExtension: d141e757ab53a7e0ab73de4cf652d43554c5f80d
  xKit: 7d9433d44387784c454728654d82cc1977821f93

PODFILE CHECKSUM: 9e6962e6e4e838921bec19d06fe36c49895ad506

COCOAPODS: 1.9.1
